# Generated by buf. DO NOT EDIT.
version: v1
deps:
  - remote: buf.build
    owner: agynio
    repository: api
    commit: 22374dfebd27415e87b56f12646c5e75
    digest: shake256:a6c86880bb2dfc9067da63cb5acb7720cad65ac97f314b82c02fdf1c952b93cb83bfad0ca4509fad735d8d4758c7ab3359b3bde5e4c79fe3b3ae42d874cdaaf0
  - remote: buf.build
    owner: opentelemetry
    repository: opentelemetry
    commit: 5f2c7d4f740541589805e0816dad4bb0
    digest: shake256:1a1c76b9fb39277f441fa81273e5132e2856558fd52b04e3ea69051f6ecdb5293e35c8915ec7e20507bba9d4bb6b0ba9a1408062fa63dd7f09db015ad06736ab
