# Generated by buf. DO NOT EDIT.
version: v1
deps:
  - remote: buf.build
    owner: agynio
    repository: api
    commit: 3f78babcf0f741578516997fa1df2258
    digest: shake256:db3e541006986820d4a3fe910278577daa43be1c4f132b63741095df16f5e6145c4ec0c41728e4685671ed4078cde755aa973d828ef5465cfbb0db5e247cb093
  - remote: buf.build
    owner: opentelemetry
    repository: opentelemetry
    commit: 5f2c7d4f740541589805e0816dad4bb0
    digest: shake256:1a1c76b9fb39277f441fa81273e5132e2856558fd52b04e3ea69051f6ecdb5293e35c8915ec7e20507bba9d4bb6b0ba9a1408062fa63dd7f09db015ad06736ab
