# Generated by buf. DO NOT EDIT.
version: v1
deps:
  - remote: buf.build
    owner: agynio
    repository: api
    commit: cbf2fb4bb9e14e69aee7bdd0d3b68498
    digest: shake256:71535382262f314b25fa1952282ab7ac568a79bd38fdb4b720f8fdc908af4fdc6525bdcb5b8b288529a34db14828650880c6f8023cb56757bd7330fba6773cfe
  - remote: buf.build
    owner: opentelemetry
    repository: opentelemetry
    commit: 5f2c7d4f740541589805e0816dad4bb0
    digest: shake256:1a1c76b9fb39277f441fa81273e5132e2856558fd52b04e3ea69051f6ecdb5293e35c8915ec7e20507bba9d4bb6b0ba9a1408062fa63dd7f09db015ad06736ab
